
Microsoft Visual Studio Solution File, Format Version 12.00
# Visual Studio 2013
VisualStudioVersion = 12.0.31101.0
MinimumVisualStudioVersion = 10.0.40219.1
Project("{FAE04EC0-301F-11D3-BF4B-00C04F79EFBC}") = "fluentuser", "fluentuser\fluentuser.csproj", "{2273E17E-50EB-4D01-8D21-DD956079459C}"
EndProject
Project("{FAE04EC0-301F-11D3-BF4B-00C04F79EFBC}") = "JakeBladt.FluentUser", "JakeBladt.FluentUser\JakeBladt.FluentUser.csproj", "{8F734323-9E2A-4815-95AA-CB4BFA080500}"
EndProject
Global
	GlobalSection(SolutionConfigurationPlatforms) = preSolution
		Debug|Any CPU = Debug|Any CPU
		Release|Any CPU = Release|Any CPU
	EndGlobalSection
	GlobalSection(ProjectConfigurationPlatforms) = postSolution
		{2273E17E-50EB-4D01-8D21-DD956079459C}.Debug|Any CPU.ActiveCfg = Debug|Any CPU
		{2273E17E-50EB-4D01-8D21-DD956079459C}.Debug|Any CPU.Build.0 = Debug|Any CPU
		{2273E17E-50EB-4D01-8D21-DD956079459C}.Release|Any CPU.ActiveCfg = Release|Any CPU
		{2273E17E-50EB-4D01-8D21-DD956079459C}.Release|Any CPU.Build.0 = Release|Any CPU
		{8F734323-9E2A-4815-95AA-CB4BFA080500}.Debug|Any CPU.ActiveCfg = Debug|Any CPU
		{8F734323-9E2A-4815-95AA-CB4BFA080500}.Debug|Any CPU.Build.0 = Debug|Any CPU
		{8F734323-9E2A-4815-95AA-CB4BFA080500}.Release|Any CPU.ActiveCfg = Release|Any CPU
		{8F734323-9E2A-4815-95AA-CB4BFA080500}.Release|Any CPU.Build.0 = Release|Any CPU
	EndGlobalSection
	GlobalSection(SolutionProperties) = preSolution
		HideSolutionNode = FALSE
	EndGlobalSection
EndGlobal
